
Microsoft Visual Studio Solution File, Format Version 12.00
# Visual Studio 2012
Project("{8BC9CEB8-8B4A-11D0-8D11-00A0C91BC942}") = "Common", "Common\Common.vcxproj", "{74A93296-C754-4190-B13A-3949E9DBFD53}"
EndProject
Project("{8BC9CEB8-8B4A-11D0-8D11-00A0C91BC942}") = "Geometry", "Geometry\Geometry.vcxproj", "{A43C582F-AEFF-40A9-8081-11B528B9BD7E}"
	ProjectSection(ProjectDependencies) = postProject
		{63867664-F7F8-435E-BD21-9FB8439009D9} = {63867664-F7F8-435E-BD21-9FB8439009D9}
		{74A93296-C754-4190-B13A-3949E9DBFD53} = {74A93296-C754-4190-B13A-3949E9DBFD53}
	EndProjectSection
EndProject
Project("{8BC9CEB8-8B4A-11D0-8D11-00A0C91BC942}") = "Matrix", "Matrix\Matrix.vcxproj", "{63867664-F7F8-435E-BD21-9FB8439009D9}"
	ProjectSection(ProjectDependencies) = postProject
		{74A93296-C754-4190-B13A-3949E9DBFD53} = {74A93296-C754-4190-B13A-3949E9DBFD53}
	EndProjectSection
EndProject
Project("{8BC9CEB8-8B4A-11D0-8D11-00A0C91BC942}") = "MeshDB", "MeshDB\MeshDB.vcxproj", "{AF27EEAA-8FED-41CC-81AA-7469A24D141F}"
	ProjectSection(ProjectDependencies) = postProject
		{A43C582F-AEFF-40A9-8081-11B528B9BD7E} = {A43C582F-AEFF-40A9-8081-11B528B9BD7E}
	EndProjectSection
EndProject
Project("{8BC9CEB8-8B4A-11D0-8D11-00A0C91BC942}") = "MeshDBRuby", "MeshDBRuby\MeshDBRuby.vcxproj", "{6B1E2283-466D-4315-9676-C94A76B13F9B}"
	ProjectSection(ProjectDependencies) = postProject
		{AF27EEAA-8FED-41CC-81AA-7469A24D141F} = {AF27EEAA-8FED-41CC-81AA-7469A24D141F}
	EndProjectSection
EndProject
Project("{8BC9CEB8-8B4A-11D0-8D11-00A0C91BC942}") = "MeshGen", "MeshGen\MeshGen.vcxproj", "{B35E220C-CAFF-4308-9C0C-D4CA2336BD66}"
	ProjectSection(ProjectDependencies) = postProject
		{AF27EEAA-8FED-41CC-81AA-7469A24D141F} = {AF27EEAA-8FED-41CC-81AA-7469A24D141F}
	EndProjectSection
EndProject
Project("{8BC9CEB8-8B4A-11D0-8D11-00A0C91BC942}") = "MeshGenRuby", "MeshGenRuby\MeshGenRuby.vcxproj", "{DB079BDA-E08D-45DF-881D-D5F0FCEC8B0F}"
	ProjectSection(ProjectDependencies) = postProject
		{B35E220C-CAFF-4308-9C0C-D4CA2336BD66} = {B35E220C-CAFF-4308-9C0C-D4CA2336BD66}
	EndProjectSection
EndProject
Project("{8BC9CEB8-8B4A-11D0-8D11-00A0C91BC942}") = "MeshGL", "MeshGL\MeshGL.vcxproj", "{DAF9EAA3-6E68-4FEC-A1E4-6371E3F45A41}"
	ProjectSection(ProjectDependencies) = postProject
		{AF27EEAA-8FED-41CC-81AA-7469A24D141F} = {AF27EEAA-8FED-41CC-81AA-7469A24D141F}
	EndProjectSection
EndProject
Project("{8BC9CEB8-8B4A-11D0-8D11-00A0C91BC942}") = "MeshGLRuby", "MeshGLRuby\MeshGLRuby.vcxproj", "{E80337A1-9115-419F-95CA-CB4BA45EEE55}"
	ProjectSection(ProjectDependencies) = postProject
		{DAF9EAA3-6E68-4FEC-A1E4-6371E3F45A41} = {DAF9EAA3-6E68-4FEC-A1E4-6371E3F45A41}
	EndProjectSection
EndProject
Project("{8BC9CEB8-8B4A-11D0-8D11-00A0C91BC942}") = "RevocapIO", "RevocapIO\RevocapIO.vcxproj", "{1B9DB824-AA55-46E7-808A-F8203E309EF7}"
	ProjectSection(ProjectDependencies) = postProject
		{AF27EEAA-8FED-41CC-81AA-7469A24D141F} = {AF27EEAA-8FED-41CC-81AA-7469A24D141F}
	EndProjectSection
EndProject
Project("{8BC9CEB8-8B4A-11D0-8D11-00A0C91BC942}") = "RevocapIORuby", "RevocapIORuby\RevocapIORuby.vcxproj", "{B4D0C1D3-F621-4D59-B399-3816BCC68F18}"
	ProjectSection(ProjectDependencies) = postProject
		{1B9DB824-AA55-46E7-808A-F8203E309EF7} = {1B9DB824-AA55-46E7-808A-F8203E309EF7}
	EndProjectSection
EndProject
Project("{8BC9CEB8-8B4A-11D0-8D11-00A0C91BC942}") = "Shape", "Shape\Shape.vcxproj", "{58218B00-A59C-41B7-8B68-03D1F9BE5E5B}"
	ProjectSection(ProjectDependencies) = postProject
		{AF27EEAA-8FED-41CC-81AA-7469A24D141F} = {AF27EEAA-8FED-41CC-81AA-7469A24D141F}
	EndProjectSection
EndProject
Project("{8BC9CEB8-8B4A-11D0-8D11-00A0C91BC942}") = "ShapeRuby", "ShapeRuby\ShapeRuby.vcxproj", "{B4A7A7C7-6AAC-434F-82BD-BBBDD24B1224}"
	ProjectSection(ProjectDependencies) = postProject
		{58218B00-A59C-41B7-8B68-03D1F9BE5E5B} = {58218B00-A59C-41B7-8B68-03D1F9BE5E5B}
	EndProjectSection
EndProject
Project("{2150E333-8FDC-42A3-9474-1A3956D46DE8}") = "RubyExtension", "RubyExtension", "{D9B97A27-C451-48AC-94F3-9AF2935A0036}"
EndProject
Global
	GlobalSection(SolutionConfigurationPlatforms) = preSolution
		Debug|Mixed Platforms = Debug|Mixed Platforms
		Debug|Win32 = Debug|Win32
		Debug|x64 = Debug|x64
		Release|Mixed Platforms = Release|Mixed Platforms
		Release|Win32 = Release|Win32
		Release|x64 = Release|x64
	EndGlobalSection
	GlobalSection(ProjectConfigurationPlatforms) = postSolution
		{74A93296-C754-4190-B13A-3949E9DBFD53}.Debug|Mixed Platforms.ActiveCfg = Debug|Win32
		{74A93296-C754-4190-B13A-3949E9DBFD53}.Debug|Mixed Platforms.Build.0 = Debug|Win32
		{74A93296-C754-4190-B13A-3949E9DBFD53}.Debug|Win32.ActiveCfg = Debug|Win32
		{74A93296-C754-4190-B13A-3949E9DBFD53}.Debug|Win32.Build.0 = Debug|Win32
		{74A93296-C754-4190-B13A-3949E9DBFD53}.Debug|x64.ActiveCfg = Debug|x64
		{74A93296-C754-4190-B13A-3949E9DBFD53}.Debug|x64.Build.0 = Debug|x64
		{74A93296-C754-4190-B13A-3949E9DBFD53}.Release|Mixed Platforms.ActiveCfg = Release|Win32
		{74A93296-C754-4190-B13A-3949E9DBFD53}.Release|Mixed Platforms.Build.0 = Release|Win32
		{74A93296-C754-4190-B13A-3949E9DBFD53}.Release|Win32.ActiveCfg = Release|Win32
		{74A93296-C754-4190-B13A-3949E9DBFD53}.Release|Win32.Build.0 = Release|Win32
		{74A93296-C754-4190-B13A-3949E9DBFD53}.Release|x64.ActiveCfg = Release|x64
		{74A93296-C754-4190-B13A-3949E9DBFD53}.Release|x64.Build.0 = Release|x64
		{A43C582F-AEFF-40A9-8081-11B528B9BD7E}.Debug|Mixed Platforms.ActiveCfg = Debug|Win32
		{A43C582F-AEFF-40A9-8081-11B528B9BD7E}.Debug|Mixed Platforms.Build.0 = Debug|Win32
		{A43C582F-AEFF-40A9-8081-11B528B9BD7E}.Debug|Win32.ActiveCfg = Debug|Win32
		{A43C582F-AEFF-40A9-8081-11B528B9BD7E}.Debug|Win32.Build.0 = Debug|Win32
		{A43C582F-AEFF-40A9-8081-11B528B9BD7E}.Debug|x64.ActiveCfg = Debug|x64
		{A43C582F-AEFF-40A9-8081-11B528B9BD7E}.Debug|x64.Build.0 = Debug|x64
		{A43C582F-AEFF-40A9-8081-11B528B9BD7E}.Release|Mixed Platforms.ActiveCfg = Release|Win32
		{A43C582F-AEFF-40A9-8081-11B528B9BD7E}.Release|Mixed Platforms.Build.0 = Release|Win32
		{A43C582F-AEFF-40A9-8081-11B528B9BD7E}.Release|Win32.ActiveCfg = Release|Win32
		{A43C582F-AEFF-40A9-8081-11B528B9BD7E}.Release|Win32.Build.0 = Release|Win32
		{A43C582F-AEFF-40A9-8081-11B528B9BD7E}.Release|x64.ActiveCfg = Release|x64
		{A43C582F-AEFF-40A9-8081-11B528B9BD7E}.Release|x64.Build.0 = Release|x64
		{63867664-F7F8-435E-BD21-9FB8439009D9}.Debug|Mixed Platforms.ActiveCfg = Debug|Win32
		{63867664-F7F8-435E-BD21-9FB8439009D9}.Debug|Mixed Platforms.Build.0 = Debug|Win32
		{63867664-F7F8-435E-BD21-9FB8439009D9}.Debug|Win32.ActiveCfg = Debug|Win32
		{63867664-F7F8-435E-BD21-9FB8439009D9}.Debug|Win32.Build.0 = Debug|Win32
		{63867664-F7F8-435E-BD21-9FB8439009D9}.Debug|x64.ActiveCfg = Debug|x64
		{63867664-F7F8-435E-BD21-9FB8439009D9}.Debug|x64.Build.0 = Debug|x64
		{63867664-F7F8-435E-BD21-9FB8439009D9}.Release|Mixed Platforms.ActiveCfg = Release|Win32
		{63867664-F7F8-435E-BD21-9FB8439009D9}.Release|Mixed Platforms.Build.0 = Release|Win32
		{63867664-F7F8-435E-BD21-9FB8439009D9}.Release|Win32.ActiveCfg = Release|Win32
		{63867664-F7F8-435E-BD21-9FB8439009D9}.Release|Win32.Build.0 = Release|Win32
		{63867664-F7F8-435E-BD21-9FB8439009D9}.Release|x64.ActiveCfg = Release|x64
		{63867664-F7F8-435E-BD21-9FB8439009D9}.Release|x64.Build.0 = Release|x64
		{AF27EEAA-8FED-41CC-81AA-7469A24D141F}.Debug|Mixed Platforms.ActiveCfg = Debug|Win32
		{AF27EEAA-8FED-41CC-81AA-7469A24D141F}.Debug|Mixed Platforms.Build.0 = Debug|Win32
		{AF27EEAA-8FED-41CC-81AA-7469A24D141F}.Debug|Win32.ActiveCfg = Debug|Win32
		{AF27EEAA-8FED-41CC-81AA-7469A24D141F}.Debug|Win32.Build.0 = Debug|Win32
		{AF27EEAA-8FED-41CC-81AA-7469A24D141F}.Debug|x64.ActiveCfg = Debug|x64
		{AF27EEAA-8FED-41CC-81AA-7469A24D141F}.Debug|x64.Build.0 = Debug|x64
		{AF27EEAA-8FED-41CC-81AA-7469A24D141F}.Release|Mixed Platforms.ActiveCfg = Release|Win32
		{AF27EEAA-8FED-41CC-81AA-7469A24D141F}.Release|Mixed Platforms.Build.0 = Release|Win32
		{AF27EEAA-8FED-41CC-81AA-7469A24D141F}.Release|Win32.ActiveCfg = Release|Win32
		{AF27EEAA-8FED-41CC-81AA-7469A24D141F}.Release|Win32.Build.0 = Release|Win32
		{AF27EEAA-8FED-41CC-81AA-7469A24D141F}.Release|x64.ActiveCfg = Release|x64
		{AF27EEAA-8FED-41CC-81AA-7469A24D141F}.Release|x64.Build.0 = Release|x64
		{6B1E2283-466D-4315-9676-C94A76B13F9B}.Debug|Mixed Platforms.ActiveCfg = Debug|Win32
		{6B1E2283-466D-4315-9676-C94A76B13F9B}.Debug|Mixed Platforms.Build.0 = Debug|Win32
		{6B1E2283-466D-4315-9676-C94A76B13F9B}.Debug|Win32.ActiveCfg = Debug|Win32
		{6B1E2283-466D-4315-9676-C94A76B13F9B}.Debug|Win32.Build.0 = Debug|Win32
		{6B1E2283-466D-4315-9676-C94A76B13F9B}.Debug|x64.ActiveCfg = Debug|x64
		{6B1E2283-466D-4315-9676-C94A76B13F9B}.Debug|x64.Build.0 = Debug|x64
		{6B1E2283-466D-4315-9676-C94A76B13F9B}.Release|Mixed Platforms.ActiveCfg = Release|Win32
		{6B1E2283-466D-4315-9676-C94A76B13F9B}.Release|Mixed Platforms.Build.0 = Release|Win32
		{6B1E2283-466D-4315-9676-C94A76B13F9B}.Release|Win32.ActiveCfg = Release|Win32
		{6B1E2283-466D-4315-9676-C94A76B13F9B}.Release|Win32.Build.0 = Release|Win32
		{6B1E2283-466D-4315-9676-C94A76B13F9B}.Release|x64.ActiveCfg = Release|x64
		{6B1E2283-466D-4315-9676-C94A76B13F9B}.Release|x64.Build.0 = Release|x64
		{B35E220C-CAFF-4308-9C0C-D4CA2336BD66}.Debug|Mixed Platforms.ActiveCfg = Debug|Win32
		{B35E220C-CAFF-4308-9C0C-D4CA2336BD66}.Debug|Mixed Platforms.Build.0 = Debug|Win32
		{B35E220C-CAFF-4308-9C0C-D4CA2336BD66}.Debug|Win32.ActiveCfg = Debug|Win32
		{B35E220C-CAFF-4308-9C0C-D4CA2336BD66}.Debug|Win32.Build.0 = Debug|Win32
		{B35E220C-CAFF-4308-9C0C-D4CA2336BD66}.Debug|x64.ActiveCfg = Debug|x64
		{B35E220C-CAFF-4308-9C0C-D4CA2336BD66}.Debug|x64.Build.0 = Debug|x64
		{B35E220C-CAFF-4308-9C0C-D4CA2336BD66}.Release|Mixed Platforms.ActiveCfg = Release|Win32
		{B35E220C-CAFF-4308-9C0C-D4CA2336BD66}.Release|Mixed Platforms.Build.0 = Release|Win32
		{B35E220C-CAFF-4308-9C0C-D4CA2336BD66}.Release|Win32.ActiveCfg = Release|Win32
		{B35E220C-CAFF-4308-9C0C-D4CA2336BD66}.Release|Win32.Build.0 = Release|Win32
		{B35E220C-CAFF-4308-9C0C-D4CA2336BD66}.Release|x64.ActiveCfg = Release|x64
		{B35E220C-CAFF-4308-9C0C-D4CA2336BD66}.Release|x64.Build.0 = Release|x64
		{DB079BDA-E08D-45DF-881D-D5F0FCEC8B0F}.Debug|Mixed Platforms.ActiveCfg = Debug|Win32
		{DB079BDA-E08D-45DF-881D-D5F0FCEC8B0F}.Debug|Mixed Platforms.Build.0 = Debug|Win32
		{DB079BDA-E08D-45DF-881D-D5F0FCEC8B0F}.Debug|Win32.ActiveCfg = Debug|Win32
		{DB079BDA-E08D-45DF-881D-D5F0FCEC8B0F}.Debug|Win32.Build.0 = Debug|Win32
		{DB079BDA-E08D-45DF-881D-D5F0FCEC8B0F}.Debug|x64.ActiveCfg = Debug|x64
		{DB079BDA-E08D-45DF-881D-D5F0FCEC8B0F}.Debug|x64.Build.0 = Debug|x64
		{DB079BDA-E08D-45DF-881D-D5F0FCEC8B0F}.Release|Mixed Platforms.ActiveCfg = Release|Win32
		{DB079BDA-E08D-45DF-881D-D5F0FCEC8B0F}.Release|Mixed Platforms.Build.0 = Release|Win32
		{DB079BDA-E08D-45DF-881D-D5F0FCEC8B0F}.Release|Win32.ActiveCfg = Release|Win32
		{DB079BDA-E08D-45DF-881D-D5F0FCEC8B0F}.Release|Win32.Build.0 = Release|Win32
		{DB079BDA-E08D-45DF-881D-D5F0FCEC8B0F}.Release|x64.ActiveCfg = Release|x64
		{DB079BDA-E08D-45DF-881D-D5F0FCEC8B0F}.Release|x64.Build.0 = Release|x64
		{DAF9EAA3-6E68-4FEC-A1E4-6371E3F45A41}.Debug|Mixed Platforms.ActiveCfg = Debug|Win32
		{DAF9EAA3-6E68-4FEC-A1E4-6371E3F45A41}.Debug|Mixed Platforms.Build.0 = Debug|Win32
		{DAF9EAA3-6E68-4FEC-A1E4-6371E3F45A41}.Debug|Win32.ActiveCfg = Debug|Win32
		{DAF9EAA3-6E68-4FEC-A1E4-6371E3F45A41}.Debug|Win32.Build.0 = Debug|Win32
		{DAF9EAA3-6E68-4FEC-A1E4-6371E3F45A41}.Debug|x64.ActiveCfg = Debug|x64
		{DAF9EAA3-6E68-4FEC-A1E4-6371E3F45A41}.Debug|x64.Build.0 = Debug|x64
		{DAF9EAA3-6E68-4FEC-A1E4-6371E3F45A41}.Release|Mixed Platforms.ActiveCfg = Release|Win32
		{DAF9EAA3-6E68-4FEC-A1E4-6371E3F45A41}.Release|Mixed Platforms.Build.0 = Release|Win32
		{DAF9EAA3-6E68-4FEC-A1E4-6371E3F45A41}.Release|Win32.ActiveCfg = Release|Win32
		{DAF9EAA3-6E68-4FEC-A1E4-6371E3F45A41}.Release|Win32.Build.0 = Release|Win32
		{DAF9EAA3-6E68-4FEC-A1E4-6371E3F45A41}.Release|x64.ActiveCfg = Release|x64
		{DAF9EAA3-6E68-4FEC-A1E4-6371E3F45A41}.Release|x64.Build.0 = Release|x64
		{E80337A1-9115-419F-95CA-CB4BA45EEE55}.Debug|Mixed Platforms.ActiveCfg = Debug|Win32
		{E80337A1-9115-419F-95CA-CB4BA45EEE55}.Debug|Mixed Platforms.Build.0 = Debug|Win32
		{E80337A1-9115-419F-95CA-CB4BA45EEE55}.Debug|Win32.ActiveCfg = Debug|Win32
		{E80337A1-9115-419F-95CA-CB4BA45EEE55}.Debug|Win32.Build.0 = Debug|Win32
		{E80337A1-9115-419F-95CA-CB4BA45EEE55}.Debug|x64.ActiveCfg = Debug|x64
		{E80337A1-9115-419F-95CA-CB4BA45EEE55}.Debug|x64.Build.0 = Debug|x64
		{E80337A1-9115-419F-95CA-CB4BA45EEE55}.Release|Mixed Platforms.ActiveCfg = Release|Win32
		{E80337A1-9115-419F-95CA-CB4BA45EEE55}.Release|Mixed Platforms.Build.0 = Release|Win32
		{E80337A1-9115-419F-95CA-CB4BA45EEE55}.Release|Win32.ActiveCfg = Release|Win32
		{E80337A1-9115-419F-95CA-CB4BA45EEE55}.Release|Win32.Build.0 = Release|Win32
		{E80337A1-9115-419F-95CA-CB4BA45EEE55}.Release|x64.ActiveCfg = Release|x64
		{E80337A1-9115-419F-95CA-CB4BA45EEE55}.Release|x64.Build.0 = Release|x64
		{1B9DB824-AA55-46E7-808A-F8203E309EF7}.Debug|Mixed Platforms.ActiveCfg = Debug|Win32
		{1B9DB824-AA55-46E7-808A-F8203E309EF7}.Debug|Mixed Platforms.Build.0 = Debug|Win32
		{1B9DB824-AA55-46E7-808A-F8203E309EF7}.Debug|Win32.ActiveCfg = Debug|Win32
		{1B9DB824-AA55-46E7-808A-F8203E309EF7}.Debug|Win32.Build.0 = Debug|Win32
		{1B9DB824-AA55-46E7-808A-F8203E309EF7}.Debug|x64.ActiveCfg = Debug|x64
		{1B9DB824-AA55-46E7-808A-F8203E309EF7}.Debug|x64.Build.0 = Debug|x64
		{1B9DB824-AA55-46E7-808A-F8203E309EF7}.Release|Mixed Platforms.ActiveCfg = Release|Win32
		{1B9DB824-AA55-46E7-808A-F8203E309EF7}.Release|Mixed Platforms.Build.0 = Release|Win32
		{1B9DB824-AA55-46E7-808A-F8203E309EF7}.Release|Win32.ActiveCfg = Release|Win32
		{1B9DB824-AA55-46E7-808A-F8203E309EF7}.Release|Win32.Build.0 = Release|Win32
		{1B9DB824-AA55-46E7-808A-F8203E309EF7}.Release|x64.ActiveCfg = Release|x64
		{1B9DB824-AA55-46E7-808A-F8203E309EF7}.Release|x64.Build.0 = Release|x64
		{B4D0C1D3-F621-4D59-B399-3816BCC68F18}.Debug|Mixed Platforms.ActiveCfg = Debug|Win32
		{B4D0C1D3-F621-4D59-B399-3816BCC68F18}.Debug|Mixed Platforms.Build.0 = Debug|Win32
		{B4D0C1D3-F621-4D59-B399-3816BCC68F18}.Debug|Win32.ActiveCfg = Debug|Win32
		{B4D0C1D3-F621-4D59-B399-3816BCC68F18}.Debug|Win32.Build.0 = Debug|Win32
		{B4D0C1D3-F621-4D59-B399-3816BCC68F18}.Debug|x64.ActiveCfg = Debug|x64
		{B4D0C1D3-F621-4D59-B399-3816BCC68F18}.Debug|x64.Build.0 = Debug|x64
		{B4D0C1D3-F621-4D59-B399-3816BCC68F18}.Release|Mixed Platforms.ActiveCfg = Release|Win32
		{B4D0C1D3-F621-4D59-B399-3816BCC68F18}.Release|Mixed Platforms.Build.0 = Release|Win32
		{B4D0C1D3-F621-4D59-B399-3816BCC68F18}.Release|Win32.ActiveCfg = Release|Win32
		{B4D0C1D3-F621-4D59-B399-3816BCC68F18}.Release|Win32.Build.0 = Release|Win32
		{B4D0C1D3-F621-4D59-B399-3816BCC68F18}.Release|x64.ActiveCfg = Release|x64
		{B4D0C1D3-F621-4D59-B399-3816BCC68F18}.Release|x64.Build.0 = Release|x64
		{58218B00-A59C-41B7-8B68-03D1F9BE5E5B}.Debug|Mixed Platforms.ActiveCfg = Debug|Win32
		{58218B00-A59C-41B7-8B68-03D1F9BE5E5B}.Debug|Mixed Platforms.Build.0 = Debug|Win32
		{58218B00-A59C-41B7-8B68-03D1F9BE5E5B}.Debug|Win32.ActiveCfg = Debug|Win32
		{58218B00-A59C-41B7-8B68-03D1F9BE5E5B}.Debug|Win32.Build.0 = Debug|Win32
		{58218B00-A59C-41B7-8B68-03D1F9BE5E5B}.Debug|x64.ActiveCfg = Debug|x64
		{58218B00-A59C-41B7-8B68-03D1F9BE5E5B}.Debug|x64.Build.0 = Debug|x64
		{58218B00-A59C-41B7-8B68-03D1F9BE5E5B}.Release|Mixed Platforms.ActiveCfg = Release|Win32
		{58218B00-A59C-41B7-8B68-03D1F9BE5E5B}.Release|Mixed Platforms.Build.0 = Release|Win32
		{58218B00-A59C-41B7-8B68-03D1F9BE5E5B}.Release|Win32.ActiveCfg = Release|Win32
		{58218B00-A59C-41B7-8B68-03D1F9BE5E5B}.Release|Win32.Build.0 = Release|Win32
		{58218B00-A59C-41B7-8B68-03D1F9BE5E5B}.Release|x64.ActiveCfg = Release|x64
		{58218B00-A59C-41B7-8B68-03D1F9BE5E5B}.Release|x64.Build.0 = Release|x64
		{B4A7A7C7-6AAC-434F-82BD-BBBDD24B1224}.Debug|Mixed Platforms.ActiveCfg = Debug|Win32
		{B4A7A7C7-6AAC-434F-82BD-BBBDD24B1224}.Debug|Mixed Platforms.Build.0 = Debug|Win32
		{B4A7A7C7-6AAC-434F-82BD-BBBDD24B1224}.Debug|Win32.ActiveCfg = Debug|Win32
		{B4A7A7C7-6AAC-434F-82BD-BBBDD24B1224}.Debug|Win32.Build.0 = Debug|Win32
		{B4A7A7C7-6AAC-434F-82BD-BBBDD24B1224}.Debug|x64.ActiveCfg = Debug|x64
		{B4A7A7C7-6AAC-434F-82BD-BBBDD24B1224}.Debug|x64.Build.0 = Debug|x64
		{B4A7A7C7-6AAC-434F-82BD-BBBDD24B1224}.Release|Mixed Platforms.ActiveCfg = Release|Win32
		{B4A7A7C7-6AAC-434F-82BD-BBBDD24B1224}.Release|Mixed Platforms.Build.0 = Release|Win32
		{B4A7A7C7-6AAC-434F-82BD-BBBDD24B1224}.Release|Win32.ActiveCfg = Release|Win32
		{B4A7A7C7-6AAC-434F-82BD-BBBDD24B1224}.Release|Win32.Build.0 = Release|Win32
		{B4A7A7C7-6AAC-434F-82BD-BBBDD24B1224}.Release|x64.ActiveCfg = Release|x64
		{B4A7A7C7-6AAC-434F-82BD-BBBDD24B1224}.Release|x64.Build.0 = Release|x64
	EndGlobalSection
	GlobalSection(SolutionProperties) = preSolution
		HideSolutionNode = FALSE
	EndGlobalSection
	GlobalSection(NestedProjects) = preSolution
		{6B1E2283-466D-4315-9676-C94A76B13F9B} = {D9B97A27-C451-48AC-94F3-9AF2935A0036}
		{DB079BDA-E08D-45DF-881D-D5F0FCEC8B0F} = {D9B97A27-C451-48AC-94F3-9AF2935A0036}
		{E80337A1-9115-419F-95CA-CB4BA45EEE55} = {D9B97A27-C451-48AC-94F3-9AF2935A0036}
		{B4D0C1D3-F621-4D59-B399-3816BCC68F18} = {D9B97A27-C451-48AC-94F3-9AF2935A0036}
	EndGlobalSection
EndGlobal
